
Microsoft Visual Studio Solution File, Format Version 12.00
# Visual Studio 15
VisualStudioVersion = 15.0.28307.757
MinimumVisualStudioVersion = 10.0.40219.1
Project("{888888A0-9F3D-457C-B088-3A5042F75D52}") = "PA-GAN", "PA-GAN.pyproj", "{F431EF86-2896-4C6A-818A-733039F6AEDA}"
EndProject
Global
	GlobalSection(SolutionConfigurationPlatforms) = preSolution
		Debug|Any CPU = Debug|Any CPU
		Release|Any CPU = Release|Any CPU
	EndGlobalSection
	GlobalSection(ProjectConfigurationPlatforms) = postSolution
		{F431EF86-2896-4C6A-818A-733039F6AEDA}.Debug|Any CPU.ActiveCfg = Debug|Any CPU
		{F431EF86-2896-4C6A-818A-733039F6AEDA}.Release|Any CPU.ActiveCfg = Release|Any CPU
	EndGlobalSection
	GlobalSection(SolutionProperties) = preSolution
		HideSolutionNode = FALSE
	EndGlobalSection
	GlobalSection(ExtensibilityGlobals) = postSolution
		SolutionGuid = {484C220D-3DC9-450B-80AF-C4F22C7298DF}
	EndGlobalSection
EndGlobal
